
Microsoft Visual Studio Solution File, Format Version 12.00
# Visual Studio Version 17
VisualStudioVersion = 17.8.34511.84
MinimumVisualStudioVersion = 10.0.40219.1
Project("{FAE04EC0-301F-11D3-BF4B-00C04F79EFBC}") = "ATV2_CJ3010708", "ATV2_CJ3010708\ATV2_CJ3010708.csproj", "{AF36A9C7-9440-4A1E-B7B6-287877987F58}"
EndProject
Global
	GlobalSection(SolutionConfigurationPlatforms) = preSolution
		Debug|Any CPU = Debug|Any CPU
		Release|Any CPU = Release|Any CPU
	EndGlobalSection
	GlobalSection(ProjectConfigurationPlatforms) = postSolution
		{AF36A9C7-9440-4A1E-B7B6-287877987F58}.Debug|Any CPU.ActiveCfg = Debug|Any CPU
		{AF36A9C7-9440-4A1E-B7B6-287877987F58}.Debug|Any CPU.Build.0 = Debug|Any CPU
		{AF36A9C7-9440-4A1E-B7B6-287877987F58}.Release|Any CPU.ActiveCfg = Release|Any CPU
		{AF36A9C7-9440-4A1E-B7B6-287877987F58}.Release|Any CPU.Build.0 = Release|Any CPU
	EndGlobalSection
	GlobalSection(SolutionProperties) = preSolution
		HideSolutionNode = FALSE
	EndGlobalSection
	GlobalSection(ExtensibilityGlobals) = postSolution
		SolutionGuid = {6F86F14D-EE70-4CB3-AF39-9DBD170BAFF3}
	EndGlobalSection
EndGlobal
